Microsoft Visual Studio Solution File, Format Version 12.00
# Visual Studio 15
Project("{8BC9CEB8-8B4A-11D0-8D11-00A0C91BC942}") = "ALL_BUILD", "ALL_BUILD.vcxproj", "{EF5D5FA0-42FC-3E36-85FD-3C8E5E632F09}"
	ProjectSection(ProjectDependencies) = postProject
		{46A0DE6D-687D-35E8-9706-7D9ABF7C58DB} = {46A0DE6D-687D-35E8-9706-7D9ABF7C58DB}
		{052E4A1B-20BE-355A-91F9-40D8B8C48FA3} = {052E4A1B-20BE-355A-91F9-40D8B8C48FA3}
		{1251CE0B-602B-38F2-9646-94C9768BF9A9} = {1251CE0B-602B-38F2-9646-94C9768BF9A9}
		{ABC71C8A-EA00-3EB2-9909-F52E9BDFAB07} = {ABC71C8A-EA00-3EB2-9909-F52E9BDFAB07}
		{93CCE5FE-0E34-34AD-878D-D8A89ACFF193} = {93CCE5FE-0E34-34AD-878D-D8A89ACFF193}
		{D8F94247-9AC4-301A-B1E0-F2CBEB29B122} = {D8F94247-9AC4-301A-B1E0-F2CBEB29B122}
		{E0E59477-F719-36D0-8CA7-B172745F40BA} = {E0E59477-F719-36D0-8CA7-B172745F40BA}
		{47F395A0-FCCE-3FD8-AF83-B7E2C36C7098} = {47F395A0-FCCE-3FD8-AF83-B7E2C36C7098}
		{1C971844-972B-3A09-8156-EB1011DFB893} = {1C971844-972B-3A09-8156-EB1011DFB893}
		{7833B37B-D3D9-34D6-8A49-AE3AD70074A5} = {7833B37B-D3D9-34D6-8A49-AE3AD70074A5}
	EndProjectSection
EndProject
Project("{8BC9CEB8-8B4A-11D0-8D11-00A0C91BC942}") = "INSTALL", "INSTALL.vcxproj", "{27AA0DA8-3833-3679-9C2A-92082CB3A453}"
	ProjectSection(ProjectDependencies) = postProject
		{EF5D5FA0-42FC-3E36-85FD-3C8E5E632F09} = {EF5D5FA0-42FC-3E36-85FD-3C8E5E632F09}
		{46A0DE6D-687D-35E8-9706-7D9ABF7C58DB} = {46A0DE6D-687D-35E8-9706-7D9ABF7C58DB}
	EndProjectSection
EndProject
Project("{8BC9CEB8-8B4A-11D0-8D11-00A0C91BC942}") = "RUN_TESTS", "RUN_TESTS.vcxproj", "{EF9DB2CA-7C70-374F-B013-ACB64CF1418C}"
	ProjectSection(ProjectDependencies) = postProject
		{46A0DE6D-687D-35E8-9706-7D9ABF7C58DB} = {46A0DE6D-687D-35E8-9706-7D9ABF7C58DB}
	EndProjectSection
EndProject
Project("{8BC9CEB8-8B4A-11D0-8D11-00A0C91BC942}") = "ZERO_CHECK", "ZERO_CHECK.vcxproj", "{46A0DE6D-687D-35E8-9706-7D9ABF7C58DB}"
	ProjectSection(ProjectDependencies) = postProject
	EndProjectSection
EndProject
Project("{8BC9CEB8-8B4A-11D0-8D11-00A0C91BC942}") = "genfiles", "genfiles.vcxproj", "{51649ADE-CB10-387D-84C2-576C6548ECEB}"
	ProjectSection(ProjectDependencies) = postProject
		{46A0DE6D-687D-35E8-9706-7D9ABF7C58DB} = {46A0DE6D-687D-35E8-9706-7D9ABF7C58DB}
	EndProjectSection
EndProject
Project("{8BC9CEB8-8B4A-11D0-8D11-00A0C91BC942}") = "png", "png.vcxproj", "{052E4A1B-20BE-355A-91F9-40D8B8C48FA3}"
	ProjectSection(ProjectDependencies) = postProject
		{46A0DE6D-687D-35E8-9706-7D9ABF7C58DB} = {46A0DE6D-687D-35E8-9706-7D9ABF7C58DB}
		{51649ADE-CB10-387D-84C2-576C6548ECEB} = {51649ADE-CB10-387D-84C2-576C6548ECEB}
	EndProjectSection
EndProject
Project("{8BC9CEB8-8B4A-11D0-8D11-00A0C91BC942}") = "png-fix-itxt", "png-fix-itxt.vcxproj", "{1251CE0B-602B-38F2-9646-94C9768BF9A9}"
	ProjectSection(ProjectDependencies) = postProject
		{46A0DE6D-687D-35E8-9706-7D9ABF7C58DB} = {46A0DE6D-687D-35E8-9706-7D9ABF7C58DB}
	EndProjectSection
EndProject
Project("{8BC9CEB8-8B4A-11D0-8D11-00A0C91BC942}") = "png_static", "png_static.vcxproj", "{ABC71C8A-EA00-3EB2-9909-F52E9BDFAB07}"
	ProjectSection(ProjectDependencies) = postProject
		{46A0DE6D-687D-35E8-9706-7D9ABF7C58DB} = {46A0DE6D-687D-35E8-9706-7D9ABF7C58DB}
		{51649ADE-CB10-387D-84C2-576C6548ECEB} = {51649ADE-CB10-387D-84C2-576C6548ECEB}
	EndProjectSection
EndProject
Project("{8BC9CEB8-8B4A-11D0-8D11-00A0C91BC942}") = "pngfix", "pngfix.vcxproj", "{93CCE5FE-0E34-34AD-878D-D8A89ACFF193}"
	ProjectSection(ProjectDependencies) = postProject
		{46A0DE6D-687D-35E8-9706-7D9ABF7C58DB} = {46A0DE6D-687D-35E8-9706-7D9ABF7C58DB}
		{052E4A1B-20BE-355A-91F9-40D8B8C48FA3} = {052E4A1B-20BE-355A-91F9-40D8B8C48FA3}
	EndProjectSection
EndProject
Project("{8BC9CEB8-8B4A-11D0-8D11-00A0C91BC942}") = "pngimage", "pngimage.vcxproj", "{D8F94247-9AC4-301A-B1E0-F2CBEB29B122}"
	ProjectSection(ProjectDependencies) = postProject
		{46A0DE6D-687D-35E8-9706-7D9ABF7C58DB} = {46A0DE6D-687D-35E8-9706-7D9ABF7C58DB}
		{052E4A1B-20BE-355A-91F9-40D8B8C48FA3} = {052E4A1B-20BE-355A-91F9-40D8B8C48FA3}
	EndProjectSection
EndProject
Project("{8BC9CEB8-8B4A-11D0-8D11-00A0C91BC942}") = "pngstest", "pngstest.vcxproj", "{E0E59477-F719-36D0-8CA7-B172745F40BA}"
	ProjectSection(ProjectDependencies) = postProject
		{46A0DE6D-687D-35E8-9706-7D9ABF7C58DB} = {46A0DE6D-687D-35E8-9706-7D9ABF7C58DB}
		{052E4A1B-20BE-355A-91F9-40D8B8C48FA3} = {052E4A1B-20BE-355A-91F9-40D8B8C48FA3}
	EndProjectSection
EndProject
Project("{8BC9CEB8-8B4A-11D0-8D11-00A0C91BC942}") = "pngtest", "pngtest.vcxproj", "{47F395A0-FCCE-3FD8-AF83-B7E2C36C7098}"
	ProjectSection(ProjectDependencies) = postProject
		{46A0DE6D-687D-35E8-9706-7D9ABF7C58DB} = {46A0DE6D-687D-35E8-9706-7D9ABF7C58DB}
		{052E4A1B-20BE-355A-91F9-40D8B8C48FA3} = {052E4A1B-20BE-355A-91F9-40D8B8C48FA3}
	EndProjectSection
EndProject
Project("{8BC9CEB8-8B4A-11D0-8D11-00A0C91BC942}") = "pngunknown", "pngunknown.vcxproj", "{1C971844-972B-3A09-8156-EB1011DFB893}"
	ProjectSection(ProjectDependencies) = postProject
		{46A0DE6D-687D-35E8-9706-7D9ABF7C58DB} = {46A0DE6D-687D-35E8-9706-7D9ABF7C58DB}
		{052E4A1B-20BE-355A-91F9-40D8B8C48FA3} = {052E4A1B-20BE-355A-91F9-40D8B8C48FA3}
	EndProjectSection
EndProject
Project("{8BC9CEB8-8B4A-11D0-8D11-00A0C91BC942}") = "pngvalid", "pngvalid.vcxproj", "{7833B37B-D3D9-34D6-8A49-AE3AD70074A5}"
	ProjectSection(ProjectDependencies) = postProject
		{46A0DE6D-687D-35E8-9706-7D9ABF7C58DB} = {46A0DE6D-687D-35E8-9706-7D9ABF7C58DB}
		{052E4A1B-20BE-355A-91F9-40D8B8C48FA3} = {052E4A1B-20BE-355A-91F9-40D8B8C48FA3}
	EndProjectSection
EndProject
Global
	GlobalSection(SolutionConfigurationPlatforms) = preSolution
		Debug|x64 = Debug|x64
		Release|x64 = Release|x64
		MinSizeRel|x64 = MinSizeRel|x64
		RelWithDebInfo|x64 = RelWithDebInfo|x64
	EndGlobalSection
	GlobalSection(ProjectConfigurationPlatforms) = postSolution
		{EF5D5FA0-42FC-3E36-85FD-3C8E5E632F09}.Debug|x64.ActiveCfg = Debug|x64
		{EF5D5FA0-42FC-3E36-85FD-3C8E5E632F09}.Debug|x64.Build.0 = Debug|x64
		{EF5D5FA0-42FC-3E36-85FD-3C8E5E632F09}.Release|x64.ActiveCfg = Release|x64
		{EF5D5FA0-42FC-3E36-85FD-3C8E5E632F09}.Release|x64.Build.0 = Release|x64
		{EF5D5FA0-42FC-3E36-85FD-3C8E5E632F09}.MinSizeRel|x64.ActiveCfg = MinSizeRel|x64
		{EF5D5FA0-42FC-3E36-85FD-3C8E5E632F09}.MinSizeRel|x64.Build.0 = MinSizeRel|x64
		{EF5D5FA0-42FC-3E36-85FD-3C8E5E632F09}.RelWithDebInfo|x64.ActiveCfg = RelWithDebInfo|x64
		{EF5D5FA0-42FC-3E36-85FD-3C8E5E632F09}.RelWithDebInfo|x64.Build.0 = RelWithDebInfo|x64
		{27AA0DA8-3833-3679-9C2A-92082CB3A453}.Debug|x64.ActiveCfg = Debug|x64
		{27AA0DA8-3833-3679-9C2A-92082CB3A453}.Release|x64.ActiveCfg = Release|x64
		{27AA0DA8-3833-3679-9C2A-92082CB3A453}.MinSizeRel|x64.ActiveCfg = MinSizeRel|x64
		{27AA0DA8-3833-3679-9C2A-92082CB3A453}.RelWithDebInfo|x64.ActiveCfg = RelWithDebInfo|x64
		{EF9DB2CA-7C70-374F-B013-ACB64CF1418C}.Debug|x64.ActiveCfg = Debug|x64
		{EF9DB2CA-7C70-374F-B013-ACB64CF1418C}.Release|x64.ActiveCfg = Release|x64
		{EF9DB2CA-7C70-374F-B013-ACB64CF1418C}.MinSizeRel|x64.ActiveCfg = MinSizeRel|x64
		{EF9DB2CA-7C70-374F-B013-ACB64CF1418C}.RelWithDebInfo|x64.ActiveCfg = RelWithDebInfo|x64
		{46A0DE6D-687D-35E8-9706-7D9ABF7C58DB}.Debug|x64.ActiveCfg = Debug|x64
		{46A0DE6D-687D-35E8-9706-7D9ABF7C58DB}.Debug|x64.Build.0 = Debug|x64
		{46A0DE6D-687D-35E8-9706-7D9ABF7C58DB}.Release|x64.ActiveCfg = Release|x64
		{46A0DE6D-687D-35E8-9706-7D9ABF7C58DB}.Release|x64.Build.0 = Release|x64
		{46A0DE6D-687D-35E8-9706-7D9ABF7C58DB}.MinSizeRel|x64.ActiveCfg = MinSizeRel|x64
		{46A0DE6D-687D-35E8-9706-7D9ABF7C58DB}.MinSizeRel|x64.Build.0 = MinSizeRel|x64
		{46A0DE6D-687D-35E8-9706-7D9ABF7C58DB}.RelWithDebInfo|x64.ActiveCfg = RelWithDebInfo|x64
		{46A0DE6D-687D-35E8-9706-7D9ABF7C58DB}.RelWithDebInfo|x64.Build.0 = RelWithDebInfo|x64
		{51649ADE-CB10-387D-84C2-576C6548ECEB}.Debug|x64.ActiveCfg = Debug|x64
		{51649ADE-CB10-387D-84C2-576C6548ECEB}.Debug|x64.Build.0 = Debug|x64
		{51649ADE-CB10-387D-84C2-576C6548ECEB}.Release|x64.ActiveCfg = Release|x64
		{51649ADE-CB10-387D-84C2-576C6548ECEB}.Release|x64.Build.0 = Release|x64
		{51649ADE-CB10-387D-84C2-576C6548ECEB}.MinSizeRel|x64.ActiveCfg = MinSizeRel|x64
		{51649ADE-CB10-387D-84C2-576C6548ECEB}.MinSizeRel|x64.Build.0 = MinSizeRel|x64
		{51649ADE-CB10-387D-84C2-576C6548ECEB}.RelWithDebInfo|x64.ActiveCfg = RelWithDebInfo|x64
		{51649ADE-CB10-387D-84C2-576C6548ECEB}.RelWithDebInfo|x64.Build.0 = RelWithDebInfo|x64
		{052E4A1B-20BE-355A-91F9-40D8B8C48FA3}.Debug|x64.ActiveCfg = Debug|x64
		{052E4A1B-20BE-355A-91F9-40D8B8C48FA3}.Debug|x64.Build.0 = Debug|x64
		{052E4A1B-20BE-355A-91F9-40D8B8C48FA3}.Release|x64.ActiveCfg = Release|x64
		{052E4A1B-20BE-355A-91F9-40D8B8C48FA3}.Release|x64.Build.0 = Release|x64
		{052E4A1B-20BE-355A-91F9-40D8B8C48FA3}.MinSizeRel|x64.ActiveCfg = MinSizeRel|x64
		{052E4A1B-20BE-355A-91F9-40D8B8C48FA3}.MinSizeRel|x64.Build.0 = MinSizeRel|x64
		{052E4A1B-20BE-355A-91F9-40D8B8C48FA3}.RelWithDebInfo|x64.ActiveCfg = RelWithDebInfo|x64
		{052E4A1B-20BE-355A-91F9-40D8B8C48FA3}.RelWithDebInfo|x64.Build.0 = RelWithDebInfo|x64
		{1251CE0B-602B-38F2-9646-94C9768BF9A9}.Debug|x64.ActiveCfg = Debug|x64
		{1251CE0B-602B-38F2-9646-94C9768BF9A9}.Debug|x64.Build.0 = Debug|x64
		{1251CE0B-602B-38F2-9646-94C9768BF9A9}.Release|x64.ActiveCfg = Release|x64
		{1251CE0B-602B-38F2-9646-94C9768BF9A9}.Release|x64.Build.0 = Release|x64
		{1251CE0B-602B-38F2-9646-94C9768BF9A9}.MinSizeRel|x64.ActiveCfg = MinSizeRel|x64
		{1251CE0B-602B-38F2-9646-94C9768BF9A9}.MinSizeRel|x64.Build.0 = MinSizeRel|x64
		{1251CE0B-602B-38F2-9646-94C9768BF9A9}.RelWithDebInfo|x64.ActiveCfg = RelWithDebInfo|x64
		{1251CE0B-602B-38F2-9646-94C9768BF9A9}.RelWithDebInfo|x64.Build.0 = RelWithDebInfo|x64
		{ABC71C8A-EA00-3EB2-9909-F52E9BDFAB07}.Debug|x64.ActiveCfg = Debug|x64
		{ABC71C8A-EA00-3EB2-9909-F52E9BDFAB07}.Debug|x64.Build.0 = Debug|x64
		{ABC71C8A-EA00-3EB2-9909-F52E9BDFAB07}.Release|x64.ActiveCfg = Release|x64
		{ABC71C8A-EA00-3EB2-9909-F52E9BDFAB07}.Release|x64.Build.0 = Release|x64
		{ABC71C8A-EA00-3EB2-9909-F52E9BDFAB07}.MinSizeRel|x64.ActiveCfg = MinSizeRel|x64
		{ABC71C8A-EA00-3EB2-9909-F52E9BDFAB07}.MinSizeRel|x64.Build.0 = MinSizeRel|x64
		{ABC71C8A-EA00-3EB2-9909-F52E9BDFAB07}.RelWithDebInfo|x64.ActiveCfg = RelWithDebInfo|x64
		{ABC71C8A-EA00-3EB2-9909-F52E9BDFAB07}.RelWithDebInfo|x64.Build.0 = RelWithDebInfo|x64
		{93CCE5FE-0E34-34AD-878D-D8A89ACFF193}.Debug|x64.ActiveCfg = Debug|x64
		{93CCE5FE-0E34-34AD-878D-D8A89ACFF193}.Debug|x64.Build.0 = Debug|x64
		{93CCE5FE-0E34-34AD-878D-D8A89ACFF193}.Release|x64.ActiveCfg = Release|x64
		{93CCE5FE-0E34-34AD-878D-D8A89ACFF193}.Release|x64.Build.0 = Release|x64
		{93CCE5FE-0E34-34AD-878D-D8A89ACFF193}.MinSizeRel|x64.ActiveCfg = MinSizeRel|x64
		{93CCE5FE-0E34-34AD-878D-D8A89ACFF193}.MinSizeRel|x64.Build.0 = MinSizeRel|x64
		{93CCE5FE-0E34-34AD-878D-D8A89ACFF193}.RelWithDebInfo|x64.ActiveCfg = RelWithDebInfo|x64
		{93CCE5FE-0E34-34AD-878D-D8A89ACFF193}.RelWithDebInfo|x64.Build.0 = RelWithDebInfo|x64
		{D8F94247-9AC4-301A-B1E0-F2CBEB29B122}.Debug|x64.ActiveCfg = Debug|x64
		{D8F94247-9AC4-301A-B1E0-F2CBEB29B122}.Debug|x64.Build.0 = Debug|x64
		{D8F94247-9AC4-301A-B1E0-F2CBEB29B122}.Release|x64.ActiveCfg = Release|x64
		{D8F94247-9AC4-301A-B1E0-F2CBEB29B122}.Release|x64.Build.0 = Release|x64
		{D8F94247-9AC4-301A-B1E0-F2CBEB29B122}.MinSizeRel|x64.ActiveCfg = MinSizeRel|x64
		{D8F94247-9AC4-301A-B1E0-F2CBEB29B122}.MinSizeRel|x64.Build.0 = MinSizeRel|x64
		{D8F94247-9AC4-301A-B1E0-F2CBEB29B122}.RelWithDebInfo|x64.ActiveCfg = RelWithDebInfo|x64
		{D8F94247-9AC4-301A-B1E0-F2CBEB29B122}.RelWithDebInfo|x64.Build.0 = RelWithDebInfo|x64
		{E0E59477-F719-36D0-8CA7-B172745F40BA}.Debug|x64.ActiveCfg = Debug|x64
		{E0E59477-F719-36D0-8CA7-B172745F40BA}.Debug|x64.Build.0 = Debug|x64
		{E0E59477-F719-36D0-8CA7-B172745F40BA}.Release|x64.ActiveCfg = Release|x64
		{E0E59477-F719-36D0-8CA7-B172745F40BA}.Release|x64.Build.0 = Release|x64
		{E0E59477-F719-36D0-8CA7-B172745F40BA}.MinSizeRel|x64.ActiveCfg = MinSizeRel|x64
		{E0E59477-F719-36D0-8CA7-B172745F40BA}.MinSizeRel|x64.Build.0 = MinSizeRel|x64
		{E0E59477-F719-36D0-8CA7-B172745F40BA}.RelWithDebInfo|x64.ActiveCfg = RelWithDebInfo|x64
		{E0E59477-F719-36D0-8CA7-B172745F40BA}.RelWithDebInfo|x64.Build.0 = RelWithDebInfo|x64
		{47F395A0-FCCE-3FD8-AF83-B7E2C36C7098}.Debug|x64.ActiveCfg = Debug|x64
		{47F395A0-FCCE-3FD8-AF83-B7E2C36C7098}.Debug|x64.Build.0 = Debug|x64
		{47F395A0-FCCE-3FD8-AF83-B7E2C36C7098}.Release|x64.ActiveCfg = Release|x64
		{47F395A0-FCCE-3FD8-AF83-B7E2C36C7098}.Release|x64.Build.0 = Release|x64
		{47F395A0-FCCE-3FD8-AF83-B7E2C36C7098}.MinSizeRel|x64.ActiveCfg = MinSizeRel|x64
		{47F395A0-FCCE-3FD8-AF83-B7E2C36C7098}.MinSizeRel|x64.Build.0 = MinSizeRel|x64
		{47F395A0-FCCE-3FD8-AF83-B7E2C36C7098}.RelWithDebInfo|x64.ActiveCfg = RelWithDebInfo|x64
		{47F395A0-FCCE-3FD8-AF83-B7E2C36C7098}.RelWithDebInfo|x64.Build.0 = RelWithDebInfo|x64
		{1C971844-972B-3A09-8156-EB1011DFB893}.Debug|x64.ActiveCfg = Debug|x64
		{1C971844-972B-3A09-8156-EB1011DFB893}.Debug|x64.Build.0 = Debug|x64
		{1C971844-972B-3A09-8156-EB1011DFB893}.Release|x64.ActiveCfg = Release|x64
		{1C971844-972B-3A09-8156-EB1011DFB893}.Release|x64.Build.0 = Release|x64
		{1C971844-972B-3A09-8156-EB1011DFB893}.MinSizeRel|x64.ActiveCfg = MinSizeRel|x64
		{1C971844-972B-3A09-8156-EB1011DFB893}.MinSizeRel|x64.Build.0 = MinSizeRel|x64
		{1C971844-972B-3A09-8156-EB1011DFB893}.RelWithDebInfo|x64.ActiveCfg = RelWithDebInfo|x64
		{1C971844-972B-3A09-8156-EB1011DFB893}.RelWithDebInfo|x64.Build.0 = RelWithDebInfo|x64
		{7833B37B-D3D9-34D6-8A49-AE3AD70074A5}.Debug|x64.ActiveCfg = Debug|x64
		{7833B37B-D3D9-34D6-8A49-AE3AD70074A5}.Debug|x64.Build.0 = Debug|x64
		{7833B37B-D3D9-34D6-8A49-AE3AD70074A5}.Release|x64.ActiveCfg = Release|x64
		{7833B37B-D3D9-34D6-8A49-AE3AD70074A5}.Release|x64.Build.0 = Release|x64
		{7833B37B-D3D9-34D6-8A49-AE3AD70074A5}.MinSizeRel|x64.ActiveCfg = MinSizeRel|x64
		{7833B37B-D3D9-34D6-8A49-AE3AD70074A5}.MinSizeRel|x64.Build.0 = MinSizeRel|x64
		{7833B37B-D3D9-34D6-8A49-AE3AD70074A5}.RelWithDebInfo|x64.ActiveCfg = RelWithDebInfo|x64
		{7833B37B-D3D9-34D6-8A49-AE3AD70074A5}.RelWithDebInfo|x64.Build.0 = RelWithDebInfo|x64
	EndGlobalSection
	GlobalSection(ExtensibilityGlobals) = postSolution
		SolutionGuid = {13F25724-34D5-300B-8E91-B9EEC8A46235}
	EndGlobalSection
	GlobalSection(ExtensibilityAddIns) = postSolution
	EndGlobalSection
EndGlobal
