<?xml version="1.0" encoding="utf-8"?>
<Project ToolsVersion="15.0" xmlns="http://schemas.microsoft.com/developer/msbuild/2003">
  <ItemGroup>
    <ClCompile Include="C:\Users\alawi\Documents\RayTracer\RayTracer\LibPNG\contrib\libtests\pngvalid.c">
      <Filter>Source Files</Filter>
    </ClCompile>
  </ItemGroup>
  <ItemGroup>
    <CustomBuild Include="C:\Users\alawi\Documents\RayTracer\RayTracer\LibPNG\CMakeLists.txt" />
  </ItemGroup>
  <ItemGroup>
    <Filter Include="Source Files">
      <UniqueIdentifier>{CD1F370A-3C38-34D6-812E-08C8EC5F7526}</UniqueIdentifier>
    </Filter>
  </ItemGroup>
</Project>
